<?xml version="1.0" encoding="utf-8"?>
<Project ToolsVersion="4.0" xmlns="http://schemas.microsoft.com/developer/msbuild/2003">
  <ItemGroup>
    <ClCompile Include="AlphaMain.cpp" />
    <ClCompile Include="Time\Clock.cpp">
      <Filter>Time</Filter>
    </ClCompile>
    <ClCompile Include="Time\ClockManager.cpp">
      <Filter>Time</Filter>
    </ClCompile>
    <ClCompile Include="Memory\MemoryPool.cpp">
      <Filter>Memory</Filter>
    </ClCompile>
    <ClCompile Include="ResourceManager\Resource.cpp">
      <Filter>ResourceManager</Filter>
    </ClCompile>
    <ClCompile Include="ResourceManager\ResourceManager.cpp">
      <Filter>ResourceManager</Filter>
    </ClCompile>
    <ClCompile Include="EventManager\IEventManager.cpp">
      <Filter>EventManager</Filter>
    </ClCompile>
    <ClCompile Include="EventManager\EventManager.cpp">
      <Filter>EventManager</Filter>
    </ClCompile>
    <ClCompile Include="EventManager\Events\Events.cpp">
      <Filter>EventManager\Events</Filter>
    </ClCompile>
    <ClCompile Include="Window\GLWindow.cpp">
      <Filter>Window</Filter>
    </ClCompile>
    <ClCompile Include="ResourceManager\DefaultResourceLoader.cpp">
      <Filter>ResourceManager</Filter>
    </ClCompile>
    <ClCompile Include="ResourceManager\Loaders\BitmapResourceLoader.cpp">
      <Filter>ResourceManager\Loaders</Filter>
    </ClCompile>
    <ClCompile Include="ResourceManager\Loaders\MeshResourceLoader.cpp">
      <Filter>ResourceManager\Loaders</Filter>
    </ClCompile>
    <ClCompile Include="GameLoop\GameLoop.cpp">
      <Filter>GameLoop</Filter>
    </ClCompile>
    <ClCompile Include="Utilities\StringUtil.cpp">
      <Filter>Utilities</Filter>
    </ClCompile>
    <ClCompile Include="Utilities\FileIO.cpp">
      <Filter>Utilities</Filter>
    </ClCompile>
    <ClCompile Include="Actor\Actor.cpp">
      <Filter>Actor</Filter>
    </ClCompile>
    <ClCompile Include="Actor\ActorFactory.cpp">
      <Filter>Actor</Filter>
    </ClCompile>
    <ClCompile Include="Actor\RoleSystem.cpp">
      <Filter>Actor</Filter>
    </ClCompile>
    <ClCompile Include="Graphics3D\OpenGL\Buffers\VertexBuffer.cpp">
      <Filter>Graphics3D\OpenGL\Data\Buffers</Filter>
    </ClCompile>
    <ClCompile Include="Graphics3D\OpenGL\Data\Handler\TextureHandler.cpp">
      <Filter>Graphics3D\OpenGL\Data\Handler</Filter>
    </ClCompile>
    <ClCompile Include="Graphics3D\OpenGL\Data\Handler\VertexBufferHandler.cpp">
      <Filter>Graphics3D\OpenGL\Data\Handler</Filter>
    </ClCompile>
    <ClCompile Include="Graphics3D\OpenGL\Data\Material.cpp">
      <Filter>Graphics3D\OpenGL\Data</Filter>
    </ClCompile>
    <ClCompile Include="Graphics3D\OpenGL\Data\Mesh.cpp">
      <Filter>Graphics3D\OpenGL\Data</Filter>
    </ClCompile>
    <ClCompile Include="Graphics3D\OpenGL\Data\SkyBox.cpp">
      <Filter>Graphics3D\OpenGL\Data</Filter>
    </ClCompile>
    <ClCompile Include="Graphics3D\OpenGL\Data\Texture.cpp">
      <Filter>Graphics3D\OpenGL\Data</Filter>
    </ClCompile>
    <ClCompile Include="Graphics3D\OpenGL\Shader\BaseShaderProgram.cpp">
      <Filter>Graphics3D\OpenGL\Shader</Filter>
    </ClCompile>
    <ClCompile Include="Graphics3D\OpenGL\Shader\MeshShaderProgram.cpp">
      <Filter>Graphics3D\OpenGL\Shader</Filter>
    </ClCompile>
    <ClCompile Include="Graphics3D\OpenGL\Shader\ShaderHelper.cpp">
      <Filter>Graphics3D\OpenGL\Shader</Filter>
    </ClCompile>
    <ClCompile Include="Graphics3D\OpenGL\Shader\SkyShaderProgram.cpp">
      <Filter>Graphics3D\OpenGL\Shader</Filter>
    </ClCompile>
    <ClCompile Include="Graphics3D\OpenGL\Shader\Text2DShaderProgram.cpp">
      <Filter>Graphics3D\OpenGL\Shader</Filter>
    </ClCompile>
    <ClCompile Include="Graphics3D\OpenGL\GLRenderer.cpp">
      <Filter>Graphics3D\OpenGL</Filter>
    </ClCompile>
    <ClCompile Include="Graphics3D\Scene\Camera.cpp">
      <Filter>Graphics3D\Scene</Filter>
    </ClCompile>
    <ClCompile Include="Graphics3D\Scene\Model.cpp">
      <Filter>Graphics3D\Scene</Filter>
    </ClCompile>
    <ClCompile Include="Graphics3D\Scene\RootNode.cpp">
      <Filter>Graphics3D\Scene</Filter>
    </ClCompile>
    <ClCompile Include="Graphics3D\Scene\Scene.cpp">
      <Filter>Graphics3D\Scene</Filter>
    </ClCompile>
    <ClCompile Include="Graphics3D\Scene\SceneNode.cpp">
      <Filter>Graphics3D\Scene</Filter>
    </ClCompile>
    <ClCompile Include="Graphics3D\GraphicsSystem.cpp">
      <Filter>Graphics3D</Filter>
    </ClCompile>
    <ClCompile Include="Graphics3D\OpenGL\Text\Text2D_GL.cpp">
      <Filter>Graphics3D\OpenGL\Text</Filter>
    </ClCompile>
    <ClCompile Include="Actor\ComponentCreators\GraphicsComponentCreator.cpp">
      <Filter>Actor\ComponentCreators</Filter>
    </ClCompile>
    <ClCompile Include="Graphics3D\OpenGL\Data\HeightMap.cpp">
      <Filter>Graphics3D\OpenGL\Data</Filter>
    </ClCompile>
    <ClCompile Include="Graphics3D\OpenGL\Shader\HeightMapShaderProgram.cpp">
      <Filter>Graphics3D\OpenGL\Shader</Filter>
    </ClCompile>
    <ClCompile Include="Actor\Components\GraphicsComponent.cpp">
      <Filter>Actor\Components</Filter>
    </ClCompile>
  </ItemGroup>
  <ItemGroup>
    <Filter Include="Time">
      <UniqueIdentifier>{3f8235f7-89c0-45c3-92d1-8fc900b0ae40}</UniqueIdentifier>
    </Filter>
    <Filter Include="Maths">
      <UniqueIdentifier>{9808d7d9-d961-47f2-8133-ffe3a7cd6c17}</UniqueIdentifier>
    </Filter>
    <Filter Include="Memory">
      <UniqueIdentifier>{3588060a-9fc1-4d84-86e7-c6daaaebc263}</UniqueIdentifier>
    </Filter>
    <Filter Include="Audio">
      <UniqueIdentifier>{8071a3ef-22a9-4ee2-86f2-d425908a69f3}</UniqueIdentifier>
    </Filter>
    <Filter Include="Audio\OpenAL">
      <UniqueIdentifier>{8d6c79b7-2e28-4ca3-8b9d-1232e442be62}</UniqueIdentifier>
    </Filter>
    <Filter Include="ResourceManager">
      <UniqueIdentifier>{ea1f3515-bfbe-4d65-8c27-0315d19fc2b9}</UniqueIdentifier>
    </Filter>
    <Filter Include="EventManager">
      <UniqueIdentifier>{d3e5af39-d1cc-4dec-9629-392b69b496f8}</UniqueIdentifier>
    </Filter>
    <Filter Include="EventManager\Events">
      <UniqueIdentifier>{146aca92-4725-4992-8d1c-259af087d081}</UniqueIdentifier>
    </Filter>
    <Filter Include="Window">
      <UniqueIdentifier>{0b83a6e0-1c22-4673-bf01-70a3fc7b1599}</UniqueIdentifier>
    </Filter>
    <Filter Include="ResourceManager\Loaders">
      <UniqueIdentifier>{ed3d7dfc-446c-4863-aa18-81112bf998f1}</UniqueIdentifier>
    </Filter>
    <Filter Include="ResourceManager\Resources">
      <UniqueIdentifier>{2070b129-06f3-4fc5-9941-840fceb78332}</UniqueIdentifier>
    </Filter>
    <Filter Include="GameLoop">
      <UniqueIdentifier>{9385ab77-8ada-4c8e-9f63-0adb750ac2b2}</UniqueIdentifier>
    </Filter>
    <Filter Include="Utilities">
      <UniqueIdentifier>{81f6cf54-c523-4098-bcb4-bf5098b9d7e0}</UniqueIdentifier>
    </Filter>
    <Filter Include="Debugging">
      <UniqueIdentifier>{3397fba5-70e0-4893-a22e-c0b19d97bd35}</UniqueIdentifier>
    </Filter>
    <Filter Include="Input">
      <UniqueIdentifier>{faf1ba4c-a8ad-468e-aab3-f2a08fcecd3f}</UniqueIdentifier>
    </Filter>
    <Filter Include="Actor">
      <UniqueIdentifier>{d9738a7e-40c5-4606-8a88-37971cf24faf}</UniqueIdentifier>
    </Filter>
    <Filter Include="Graphics3D">
      <UniqueIdentifier>{eb8fd43e-c5d1-4fea-b5ed-a693dbdfdabd}</UniqueIdentifier>
    </Filter>
    <Filter Include="Graphics3D\OpenGL">
      <UniqueIdentifier>{534e54fe-d108-428b-9127-2273882e7cc2}</UniqueIdentifier>
    </Filter>
    <Filter Include="Graphics3D\OpenGL\Data">
      <UniqueIdentifier>{0ef8cc3d-71cf-4eab-ae4f-8d6bfd2d56fa}</UniqueIdentifier>
    </Filter>
    <Filter Include="Graphics3D\OpenGL\Data\Handler">
      <UniqueIdentifier>{53fec6d0-bfb8-4eb3-91ab-d01ab141654c}</UniqueIdentifier>
    </Filter>
    <Filter Include="Graphics3D\OpenGL\Data\Buffers">
      <UniqueIdentifier>{00be5e17-722b-46eb-b87a-ec1f1b70d131}</UniqueIdentifier>
    </Filter>
    <Filter Include="Graphics3D\OpenGL\Shader">
      <UniqueIdentifier>{e551f9f7-a206-4b33-ae2d-842b1e13b9d6}</UniqueIdentifier>
    </Filter>
    <Filter Include="Graphics3D\OpenGL\Text">
      <UniqueIdentifier>{6e11803f-68ec-4688-ae25-efec805f9cee}</UniqueIdentifier>
    </Filter>
    <Filter Include="Graphics3D\Scene">
      <UniqueIdentifier>{80b26344-7856-4d98-8948-62a910c06a2f}</UniqueIdentifier>
    </Filter>
    <Filter Include="Actor\ComponentCreators">
      <UniqueIdentifier>{101f7809-a4d6-458c-844d-8cc50df33394}</UniqueIdentifier>
    </Filter>
    <Filter Include="Actor\Components">
      <UniqueIdentifier>{c36addf0-b335-4dbd-a354-a48daaef139c}</UniqueIdentifier>
    </Filter>
    <Filter Include="Graphics3D\Geometry">
      <UniqueIdentifier>{3869d83b-7b14-4be8-8023-3c151ba00201}</UniqueIdentifier>
    </Filter>
  </ItemGroup>
  <ItemGroup>
    <ClInclude Include="Time\Clock.h">
      <Filter>Time</Filter>
    </ClInclude>
    <ClInclude Include="Time\ClockManager.h">
      <Filter>Time</Filter>
    </ClInclude>
    <ClInclude Include="Audio\SoundResource.h">
      <Filter>Audio</Filter>
    </ClInclude>
    <ClInclude Include="AlphaStd.h" />
    <ClInclude Include="Memory\MemoryPool.h">
      <Filter>Memory</Filter>
    </ClInclude>
    <ClInclude Include="ResourceManager\IResourceLoader.h">
      <Filter>ResourceManager</Filter>
    </ClInclude>
    <ClInclude Include="ResourceManager\Resource.h">
      <Filter>ResourceManager</Filter>
    </ClInclude>
    <ClInclude Include="ResourceManager\ResourceManager.h">
      <Filter>ResourceManager</Filter>
    </ClInclude>
    <ClInclude Include="EventManager\IEvent.h">
      <Filter>EventManager</Filter>
    </ClInclude>
    <ClInclude Include="EventManager\IEventManager.h">
      <Filter>EventManager</Filter>
    </ClInclude>
    <ClInclude Include="EventManager\EventManager.h">
      <Filter>EventManager</Filter>
    </ClInclude>
    <ClInclude Include="EventManager\Events\Events.h">
      <Filter>EventManager\Events</Filter>
    </ClInclude>
    <ClInclude Include="Window\IWindow.h">
      <Filter>Window</Filter>
    </ClInclude>
    <ClInclude Include="Window\GLWindow.h">
      <Filter>Window</Filter>
    </ClInclude>
    <ClInclude Include="ResourceManager\DefaultResourceLoader.h">
      <Filter>ResourceManager</Filter>
    </ClInclude>
    <ClInclude Include="ResourceManager\Loaders\BitmapResourceLoader.h">
      <Filter>ResourceManager\Loaders</Filter>
    </ClInclude>
    <ClInclude Include="ResourceManager\Loaders\MeshResourceLoader.h">
      <Filter>ResourceManager\Loaders</Filter>
    </ClInclude>
    <ClInclude Include="ResourceManager\Resources\Raw.h">
      <Filter>ResourceManager\Resources</Filter>
    </ClInclude>
    <ClInclude Include="GameLoop\GameLoop.h">
      <Filter>GameLoop</Filter>
    </ClInclude>
    <ClInclude Include="Utilities\FileIO.h">
      <Filter>Utilities</Filter>
    </ClInclude>
    <ClInclude Include="Utilities\StringUtil.h">
      <Filter>Utilities</Filter>
    </ClInclude>
    <ClInclude Include="Debugging\Debugging.h">
      <Filter>Debugging</Filter>
    </ClInclude>
    <ClInclude Include="Window\MessageWindow.h">
      <Filter>Window</Filter>
    </ClInclude>
    <ClInclude Include="Actor\Actor.h">
      <Filter>Actor</Filter>
    </ClInclude>
    <ClInclude Include="Actor\ActorFactory.h">
      <Filter>Actor</Filter>
    </ClInclude>
    <ClInclude Include="Actor\IActorComponent.h">
      <Filter>Actor</Filter>
    </ClInclude>
    <ClInclude Include="Actor\IComponentCreator.h">
      <Filter>Actor</Filter>
    </ClInclude>
    <ClInclude Include="Actor\RoleSystem.h">
      <Filter>Actor</Filter>
    </ClInclude>
    <ClInclude Include="Graphics3D\OpenGL\Buffers\VertexBuffer.h">
      <Filter>Graphics3D\OpenGL\Data\Buffers</Filter>
    </ClInclude>
    <ClInclude Include="Graphics3D\OpenGL\Data\Handler\TextureHandler.h">
      <Filter>Graphics3D\OpenGL\Data\Handler</Filter>
    </ClInclude>
    <ClInclude Include="Graphics3D\OpenGL\Data\Handler\VertexBufferHandler.h">
      <Filter>Graphics3D\OpenGL\Data\Handler</Filter>
    </ClInclude>
    <ClInclude Include="Graphics3D\OpenGL\Data\Material.h">
      <Filter>Graphics3D\OpenGL\Data</Filter>
    </ClInclude>
    <ClInclude Include="Graphics3D\OpenGL\Data\Mesh.h">
      <Filter>Graphics3D\OpenGL\Data</Filter>
    </ClInclude>
    <ClInclude Include="Graphics3D\OpenGL\Data\SkyBox.h">
      <Filter>Graphics3D\OpenGL\Data</Filter>
    </ClInclude>
    <ClInclude Include="Graphics3D\OpenGL\Data\Texture.h">
      <Filter>Graphics3D\OpenGL\Data</Filter>
    </ClInclude>
    <ClInclude Include="Graphics3D\OpenGL\Shader\BaseShaderProgram.h">
      <Filter>Graphics3D\OpenGL\Shader</Filter>
    </ClInclude>
    <ClInclude Include="Graphics3D\OpenGL\Shader\IShaderProgram.h">
      <Filter>Graphics3D\OpenGL\Shader</Filter>
    </ClInclude>
    <ClInclude Include="Graphics3D\OpenGL\Shader\MeshShaderProgram.h">
      <Filter>Graphics3D\OpenGL\Shader</Filter>
    </ClInclude>
    <ClInclude Include="Graphics3D\OpenGL\Shader\ShaderHelper.h">
      <Filter>Graphics3D\OpenGL\Shader</Filter>
    </ClInclude>
    <ClInclude Include="Graphics3D\OpenGL\Shader\SkyShaderProgram.h">
      <Filter>Graphics3D\OpenGL\Shader</Filter>
    </ClInclude>
    <ClInclude Include="Graphics3D\OpenGL\Shader\Text2DShaderProgram.h">
      <Filter>Graphics3D\OpenGL\Shader</Filter>
    </ClInclude>
    <ClInclude Include="Graphics3D\OpenGL\GLRenderer.h">
      <Filter>Graphics3D\OpenGL</Filter>
    </ClInclude>
    <ClInclude Include="Graphics3D\Scene\Camera.h">
      <Filter>Graphics3D\Scene</Filter>
    </ClInclude>
    <ClInclude Include="Graphics3D\Scene\Model.h">
      <Filter>Graphics3D\Scene</Filter>
    </ClInclude>
    <ClInclude Include="Graphics3D\Scene\RootNode.h">
      <Filter>Graphics3D\Scene</Filter>
    </ClInclude>
    <ClInclude Include="Graphics3D\Scene\Scene.h">
      <Filter>Graphics3D\Scene</Filter>
    </ClInclude>
    <ClInclude Include="Graphics3D\Scene\SceneNode.h">
      <Filter>Graphics3D\Scene</Filter>
    </ClInclude>
    <ClInclude Include="Graphics3D\IRenderer.h">
      <Filter>Graphics3D</Filter>
    </ClInclude>
    <ClInclude Include="Graphics3D\GraphicsSystem.h">
      <Filter>Graphics3D</Filter>
    </ClInclude>
    <ClInclude Include="Graphics3D\Scene\IText2D.h">
      <Filter>Graphics3D\Scene</Filter>
    </ClInclude>
    <ClInclude Include="Graphics3D\OpenGL\Text\Text2D_GL.h">
      <Filter>Graphics3D\OpenGL\Text</Filter>
    </ClInclude>
    <ClInclude Include="Actor\ComponentCreators\GraphicsComponentCreator.h">
      <Filter>Actor\ComponentCreators</Filter>
    </ClInclude>
    <ClInclude Include="Graphics3D\OpenGL\Data\HeightMap.h">
      <Filter>Graphics3D\OpenGL\Data</Filter>
    </ClInclude>
    <ClInclude Include="Graphics3D\OpenGL\Shader\HeightMapShaderProgram.h">
      <Filter>Graphics3D\OpenGL\Shader</Filter>
    </ClInclude>
    <ClInclude Include="Actor\Components\GraphicsComponent.h">
      <Filter>Actor\Components</Filter>
    </ClInclude>
    <ClInclude Include="Graphics3D\Geometry\Geometry.h">
      <Filter>Graphics3D\Geometry</Filter>
    </ClInclude>
  </ItemGroup>
</Project>